
Microsoft Visual Studio Solution File, Format Version 12.00
# Visual Studio 15
VisualStudioVersion = 15.0.28307.421
MinimumVisualStudioVersion = 10.0.40219.1
Project("{FAE04EC0-301F-11D3-BF4B-00C04F79EFBC}") = "SocialMediaSat", "SocialMediaSat\SocialMediaSat.csproj", "{1F774A1E-A8C8-4778-B05A-BEB831FF16D2}"
EndProject
Project("{2150E333-8FDC-42A3-9474-1A3956D46DE8}") = "Solution Items", "Solution Items", "{43EFEADC-308F-43C9-AD8F-F9107D2B3A3C}"
	ProjectSection(SolutionItems) = preProject
		SocialMediaSat\bin\Antlr3.Runtime.dll = SocialMediaSat\bin\Antlr3.Runtime.dll
		SocialMediaSat\bin\Antlr3.Runtime.pdb = SocialMediaSat\bin\Antlr3.Runtime.pdb
		SocialMediaSat\bin\EntityFramework.dll = SocialMediaSat\bin\EntityFramework.dll
		SocialMediaSat\bin\EntityFramework.SqlServer.dll = SocialMediaSat\bin\EntityFramework.SqlServer.dll
		SocialMediaSat\bin\EntityFramework.SqlServer.xml = SocialMediaSat\bin\EntityFramework.SqlServer.xml
		SocialMediaSat\bin\EntityFramework.xml = SocialMediaSat\bin\EntityFramework.xml
		SocialMediaSat\bin\Json.Net.dll = SocialMediaSat\bin\Json.Net.dll
		SocialMediaSat\bin\Microsoft.AspNet.TelemetryCorrelation.dll = SocialMediaSat\bin\Microsoft.AspNet.TelemetryCorrelation.dll
		SocialMediaSat\bin\Microsoft.AspNet.TelemetryCorrelation.xml = SocialMediaSat\bin\Microsoft.AspNet.TelemetryCorrelation.xml
		SocialMediaSat\bin\Microsoft.CodeDom.Providers.DotNetCompilerPlatform.dll = SocialMediaSat\bin\Microsoft.CodeDom.Providers.DotNetCompilerPlatform.dll
		SocialMediaSat\bin\Microsoft.CodeDom.Providers.DotNetCompilerPlatform.xml = SocialMediaSat\bin\Microsoft.CodeDom.Providers.DotNetCompilerPlatform.xml
		SocialMediaSat\bin\Microsoft.Web.Infrastructure.dll = SocialMediaSat\bin\Microsoft.Web.Infrastructure.dll
		SocialMediaSat\bin\Microsoft.Win32.Primitives.dll = SocialMediaSat\bin\Microsoft.Win32.Primitives.dll
		SocialMediaSat\bin\netstandard.dll = SocialMediaSat\bin\netstandard.dll
		SocialMediaSat\bin\Newtonsoft.Json.dll = SocialMediaSat\bin\Newtonsoft.Json.dll
		SocialMediaSat\bin\Newtonsoft.Json.pdb = SocialMediaSat\bin\Newtonsoft.Json.pdb
		SocialMediaSat\bin\Newtonsoft.Json.xml = SocialMediaSat\bin\Newtonsoft.Json.xml
		SocialMediaSat\bin\SocialMediaSat.dll = SocialMediaSat\bin\SocialMediaSat.dll
		SocialMediaSat\bin\SocialMediaSat.dll.config = SocialMediaSat\bin\SocialMediaSat.dll.config
		SocialMediaSat\bin\SocialMediaSat.pdb = SocialMediaSat\bin\SocialMediaSat.pdb
		SocialMediaSat\bin\System.AppContext.dll = SocialMediaSat\bin\System.AppContext.dll
		SocialMediaSat\bin\System.Collections.Concurrent.dll = SocialMediaSat\bin\System.Collections.Concurrent.dll
		SocialMediaSat\bin\System.Collections.dll = SocialMediaSat\bin\System.Collections.dll
		SocialMediaSat\bin\System.Collections.NonGeneric.dll = SocialMediaSat\bin\System.Collections.NonGeneric.dll
		SocialMediaSat\bin\System.Collections.Specialized.dll = SocialMediaSat\bin\System.Collections.Specialized.dll
		SocialMediaSat\bin\System.ComponentModel.dll = SocialMediaSat\bin\System.ComponentModel.dll
		SocialMediaSat\bin\System.ComponentModel.EventBasedAsync.dll = SocialMediaSat\bin\System.ComponentModel.EventBasedAsync.dll
		SocialMediaSat\bin\System.ComponentModel.Primitives.dll = SocialMediaSat\bin\System.ComponentModel.Primitives.dll
		SocialMediaSat\bin\System.ComponentModel.TypeConverter.dll = SocialMediaSat\bin\System.ComponentModel.TypeConverter.dll
		SocialMediaSat\bin\System.Console.dll = SocialMediaSat\bin\System.Console.dll
		SocialMediaSat\bin\System.Data.Common.dll = SocialMediaSat\bin\System.Data.Common.dll
		SocialMediaSat\bin\System.Diagnostics.Contracts.dll = SocialMediaSat\bin\System.Diagnostics.Contracts.dll
		SocialMediaSat\bin\System.Diagnostics.Debug.dll = SocialMediaSat\bin\System.Diagnostics.Debug.dll
		SocialMediaSat\bin\System.Diagnostics.DiagnosticSource.dll = SocialMediaSat\bin\System.Diagnostics.DiagnosticSource.dll
		SocialMediaSat\bin\System.Diagnostics.DiagnosticSource.xml = SocialMediaSat\bin\System.Diagnostics.DiagnosticSource.xml
		SocialMediaSat\bin\System.Diagnostics.FileVersionInfo.dll = SocialMediaSat\bin\System.Diagnostics.FileVersionInfo.dll
		SocialMediaSat\bin\System.Diagnostics.Process.dll = SocialMediaSat\bin\System.Diagnostics.Process.dll
		SocialMediaSat\bin\System.Diagnostics.StackTrace.dll = SocialMediaSat\bin\System.Diagnostics.StackTrace.dll
		SocialMediaSat\bin\System.Diagnostics.TextWriterTraceListener.dll = SocialMediaSat\bin\System.Diagnostics.TextWriterTraceListener.dll
		SocialMediaSat\bin\System.Diagnostics.Tools.dll = SocialMediaSat\bin\System.Diagnostics.Tools.dll
		SocialMediaSat\bin\System.Diagnostics.TraceSource.dll = SocialMediaSat\bin\System.Diagnostics.TraceSource.dll
		SocialMediaSat\bin\System.Diagnostics.Tracing.dll = SocialMediaSat\bin\System.Diagnostics.Tracing.dll
		SocialMediaSat\bin\System.Drawing.Primitives.dll = SocialMediaSat\bin\System.Drawing.Primitives.dll
		SocialMediaSat\bin\System.Dynamic.Runtime.dll = SocialMediaSat\bin\System.Dynamic.Runtime.dll
		SocialMediaSat\bin\System.Globalization.Calendars.dll = SocialMediaSat\bin\System.Globalization.Calendars.dll
		SocialMediaSat\bin\System.Globalization.dll = SocialMediaSat\bin\System.Globalization.dll
		SocialMediaSat\bin\System.Globalization.Extensions.dll = SocialMediaSat\bin\System.Globalization.Extensions.dll
		SocialMediaSat\bin\System.IO.Compression.dll = SocialMediaSat\bin\System.IO.Compression.dll
		SocialMediaSat\bin\System.IO.Compression.ZipFile.dll = SocialMediaSat\bin\System.IO.Compression.ZipFile.dll
		SocialMediaSat\bin\System.IO.dll = SocialMediaSat\bin\System.IO.dll
		SocialMediaSat\bin\System.IO.FileSystem.dll = SocialMediaSat\bin\System.IO.FileSystem.dll
		SocialMediaSat\bin\System.IO.FileSystem.DriveInfo.dll = SocialMediaSat\bin\System.IO.FileSystem.DriveInfo.dll
		SocialMediaSat\bin\System.IO.FileSystem.Primitives.dll = SocialMediaSat\bin\System.IO.FileSystem.Primitives.dll
		SocialMediaSat\bin\System.IO.FileSystem.Watcher.dll = SocialMediaSat\bin\System.IO.FileSystem.Watcher.dll
		SocialMediaSat\bin\System.IO.IsolatedStorage.dll = SocialMediaSat\bin\System.IO.IsolatedStorage.dll
		SocialMediaSat\bin\System.IO.MemoryMappedFiles.dll = SocialMediaSat\bin\System.IO.MemoryMappedFiles.dll
		SocialMediaSat\bin\System.IO.Pipes.dll = SocialMediaSat\bin\System.IO.Pipes.dll
		SocialMediaSat\bin\System.IO.UnmanagedMemoryStream.dll = SocialMediaSat\bin\System.IO.UnmanagedMemoryStream.dll
		SocialMediaSat\bin\System.Linq.dll = SocialMediaSat\bin\System.Linq.dll
		SocialMediaSat\bin\System.Linq.Expressions.dll = SocialMediaSat\bin\System.Linq.Expressions.dll
		SocialMediaSat\bin\System.Linq.Parallel.dll = SocialMediaSat\bin\System.Linq.Parallel.dll
		SocialMediaSat\bin\System.Linq.Queryable.dll = SocialMediaSat\bin\System.Linq.Queryable.dll
		SocialMediaSat\bin\System.Net.Http.dll = SocialMediaSat\bin\System.Net.Http.dll
		SocialMediaSat\bin\System.Net.NameResolution.dll = SocialMediaSat\bin\System.Net.NameResolution.dll
		SocialMediaSat\bin\System.Net.NetworkInformation.dll = SocialMediaSat\bin\System.Net.NetworkInformation.dll
		SocialMediaSat\bin\System.Net.Ping.dll = SocialMediaSat\bin\System.Net.Ping.dll
		SocialMediaSat\bin\System.Net.Primitives.dll = SocialMediaSat\bin\System.Net.Primitives.dll
		SocialMediaSat\bin\System.Net.Requests.dll = SocialMediaSat\bin\System.Net.Requests.dll
		SocialMediaSat\bin\System.Net.Security.dll = SocialMediaSat\bin\System.Net.Security.dll
		SocialMediaSat\bin\System.Net.Sockets.dll = SocialMediaSat\bin\System.Net.Sockets.dll
		SocialMediaSat\bin\System.Net.WebHeaderCollection.dll = SocialMediaSat\bin\System.Net.WebHeaderCollection.dll
		SocialMediaSat\bin\System.Net.WebSockets.Client.dll = SocialMediaSat\bin\System.Net.WebSockets.Client.dll
		SocialMediaSat\bin\System.Net.WebSockets.dll = SocialMediaSat\bin\System.Net.WebSockets.dll
		SocialMediaSat\bin\System.ObjectModel.dll = SocialMediaSat\bin\System.ObjectModel.dll
		SocialMediaSat\bin\System.Reflection.dll = SocialMediaSat\bin\System.Reflection.dll
		SocialMediaSat\bin\System.Reflection.Extensions.dll = SocialMediaSat\bin\System.Reflection.Extensions.dll
		SocialMediaSat\bin\System.Reflection.Primitives.dll = SocialMediaSat\bin\System.Reflection.Primitives.dll
		SocialMediaSat\bin\System.Resources.Reader.dll = SocialMediaSat\bin\System.Resources.Reader.dll
		SocialMediaSat\bin\System.Resources.ResourceManager.dll = SocialMediaSat\bin\System.Resources.ResourceManager.dll
		SocialMediaSat\bin\System.Resources.Writer.dll = SocialMediaSat\bin\System.Resources.Writer.dll
		SocialMediaSat\bin\System.Runtime.CompilerServices.VisualC.dll = SocialMediaSat\bin\System.Runtime.CompilerServices.VisualC.dll
		SocialMediaSat\bin\System.Runtime.dll = SocialMediaSat\bin\System.Runtime.dll
		SocialMediaSat\bin\System.Runtime.Extensions.dll = SocialMediaSat\bin\System.Runtime.Extensions.dll
		SocialMediaSat\bin\System.Runtime.Handles.dll = SocialMediaSat\bin\System.Runtime.Handles.dll
		SocialMediaSat\bin\System.Runtime.InteropServices.dll = SocialMediaSat\bin\System.Runtime.InteropServices.dll
		SocialMediaSat\bin\System.Runtime.InteropServices.RuntimeInformation.dll = SocialMediaSat\bin\System.Runtime.InteropServices.RuntimeInformation.dll
		SocialMediaSat\bin\System.Runtime.Numerics.dll = SocialMediaSat\bin\System.Runtime.Numerics.dll
		SocialMediaSat\bin\System.Runtime.Serialization.Formatters.dll = SocialMediaSat\bin\System.Runtime.Serialization.Formatters.dll
		SocialMediaSat\bin\System.Runtime.Serialization.Json.dll = SocialMediaSat\bin\System.Runtime.Serialization.Json.dll
		SocialMediaSat\bin\System.Runtime.Serialization.Primitives.dll = SocialMediaSat\bin\System.Runtime.Serialization.Primitives.dll
		SocialMediaSat\bin\System.Runtime.Serialization.Xml.dll = SocialMediaSat\bin\System.Runtime.Serialization.Xml.dll
		SocialMediaSat\bin\System.Security.Claims.dll = SocialMediaSat\bin\System.Security.Claims.dll
		SocialMediaSat\bin\System.Security.Cryptography.Algorithms.dll = SocialMediaSat\bin\System.Security.Cryptography.Algorithms.dll
		SocialMediaSat\bin\System.Security.Cryptography.Csp.dll = SocialMediaSat\bin\System.Security.Cryptography.Csp.dll
		SocialMediaSat\bin\System.Security.Cryptography.Encoding.dll = SocialMediaSat\bin\System.Security.Cryptography.Encoding.dll
		SocialMediaSat\bin\System.Security.Cryptography.Primitives.dll = SocialMediaSat\bin\System.Security.Cryptography.Primitives.dll
		SocialMediaSat\bin\System.Security.Cryptography.X509Certificates.dll = SocialMediaSat\bin\System.Security.Cryptography.X509Certificates.dll
		SocialMediaSat\bin\System.Security.Principal.dll = SocialMediaSat\bin\System.Security.Principal.dll
		SocialMediaSat\bin\System.Security.SecureString.dll = SocialMediaSat\bin\System.Security.SecureString.dll
		SocialMediaSat\bin\System.Text.Encoding.dll = SocialMediaSat\bin\System.Text.Encoding.dll
		SocialMediaSat\bin\System.Text.Encoding.Extensions.dll = SocialMediaSat\bin\System.Text.Encoding.Extensions.dll
		SocialMediaSat\bin\System.Text.RegularExpressions.dll = SocialMediaSat\bin\System.Text.RegularExpressions.dll
		SocialMediaSat\bin\System.Threading.dll = SocialMediaSat\bin\System.Threading.dll
		SocialMediaSat\bin\System.Threading.Overlapped.dll = SocialMediaSat\bin\System.Threading.Overlapped.dll
		SocialMediaSat\bin\System.Threading.Tasks.dll = SocialMediaSat\bin\System.Threading.Tasks.dll
		SocialMediaSat\bin\System.Threading.Tasks.Parallel.dll = SocialMediaSat\bin\System.Threading.Tasks.Parallel.dll
		SocialMediaSat\bin\System.Threading.Thread.dll = SocialMediaSat\bin\System.Threading.Thread.dll
		SocialMediaSat\bin\System.Threading.ThreadPool.dll = SocialMediaSat\bin\System.Threading.ThreadPool.dll
		SocialMediaSat\bin\System.Threading.Timer.dll = SocialMediaSat\bin\System.Threading.Timer.dll
		SocialMediaSat\bin\System.ValueTuple.dll = SocialMediaSat\bin\System.ValueTuple.dll
		SocialMediaSat\bin\System.Web.Helpers.dll = SocialMediaSat\bin\System.Web.Helpers.dll
		SocialMediaSat\bin\System.Web.Helpers.xml = SocialMediaSat\bin\System.Web.Helpers.xml
		SocialMediaSat\bin\System.Web.Mvc.dll = SocialMediaSat\bin\System.Web.Mvc.dll
		SocialMediaSat\bin\System.Web.Mvc.xml = SocialMediaSat\bin\System.Web.Mvc.xml
		SocialMediaSat\bin\System.Web.Optimization.dll = SocialMediaSat\bin\System.Web.Optimization.dll
		SocialMediaSat\bin\System.Web.Optimization.xml = SocialMediaSat\bin\System.Web.Optimization.xml
		SocialMediaSat\bin\System.Web.Razor.dll = SocialMediaSat\bin\System.Web.Razor.dll
		SocialMediaSat\bin\System.Web.Razor.xml = SocialMediaSat\bin\System.Web.Razor.xml
		SocialMediaSat\bin\System.Web.WebPages.Deployment.dll = SocialMediaSat\bin\System.Web.WebPages.Deployment.dll
		SocialMediaSat\bin\System.Web.WebPages.Deployment.xml = SocialMediaSat\bin\System.Web.WebPages.Deployment.xml
		SocialMediaSat\bin\System.Web.WebPages.dll = SocialMediaSat\bin\System.Web.WebPages.dll
		SocialMediaSat\bin\System.Web.WebPages.Razor.dll = SocialMediaSat\bin\System.Web.WebPages.Razor.dll
		SocialMediaSat\bin\System.Web.WebPages.Razor.xml = SocialMediaSat\bin\System.Web.WebPages.Razor.xml
		SocialMediaSat\bin\System.Web.WebPages.xml = SocialMediaSat\bin\System.Web.WebPages.xml
		SocialMediaSat\bin\System.Xml.ReaderWriter.dll = SocialMediaSat\bin\System.Xml.ReaderWriter.dll
		SocialMediaSat\bin\System.Xml.XDocument.dll = SocialMediaSat\bin\System.Xml.XDocument.dll
		SocialMediaSat\bin\System.Xml.XmlDocument.dll = SocialMediaSat\bin\System.Xml.XmlDocument.dll
		SocialMediaSat\bin\System.Xml.XmlSerializer.dll = SocialMediaSat\bin\System.Xml.XmlSerializer.dll
		SocialMediaSat\bin\System.Xml.XPath.dll = SocialMediaSat\bin\System.Xml.XPath.dll
		SocialMediaSat\bin\System.Xml.XPath.XDocument.dll = SocialMediaSat\bin\System.Xml.XPath.XDocument.dll
		SocialMediaSat\bin\WebGrease.dll = SocialMediaSat\bin\WebGrease.dll
	EndProjectSection
EndProject
Global
	GlobalSection(SolutionConfigurationPlatforms) = preSolution
		Debug|Any CPU = Debug|Any CPU
		Release|Any CPU = Release|Any CPU
	EndGlobalSection
	GlobalSection(ProjectConfigurationPlatforms) = postSolution
		{1F774A1E-A8C8-4778-B05A-BEB831FF16D2}.Debug|Any CPU.ActiveCfg = Debug|Any CPU
		{1F774A1E-A8C8-4778-B05A-BEB831FF16D2}.Debug|Any CPU.Build.0 = Debug|Any CPU
		{1F774A1E-A8C8-4778-B05A-BEB831FF16D2}.Release|Any CPU.ActiveCfg = Release|Any CPU
		{1F774A1E-A8C8-4778-B05A-BEB831FF16D2}.Release|Any CPU.Build.0 = Release|Any CPU
	EndGlobalSection
	GlobalSection(SolutionProperties) = preSolution
		HideSolutionNode = FALSE
	EndGlobalSection
	GlobalSection(ExtensibilityGlobals) = postSolution
		SolutionGuid = {D59DD205-6B46-49B8-8E8C-0E59186CDD21}
	EndGlobalSection
EndGlobal
